
Microsoft Visual Studio Solution File, Format Version 12.00
Project("{FAE04EC0-301F-11D3-BF4B-00C04F79EFBC}") = "SignalR_02_auth", "SignalR_02_auth\SignalR_02_auth.csproj", "{8BF8E39C-0D98-41DC-A7D8-606CCDAE6D7E}"
EndProject
Global
	GlobalSection(SolutionConfigurationPlatforms) = preSolution
		Debug|Any CPU = Debug|Any CPU
		Release|Any CPU = Release|Any CPU
	EndGlobalSection
	GlobalSection(ProjectConfigurationPlatforms) = postSolution
		{8BF8E39C-0D98-41DC-A7D8-606CCDAE6D7E}.Debug|Any CPU.ActiveCfg = Debug|Any CPU
		{8BF8E39C-0D98-41DC-A7D8-606CCDAE6D7E}.Debug|Any CPU.Build.0 = Debug|Any CPU
		{8BF8E39C-0D98-41DC-A7D8-606CCDAE6D7E}.Release|Any CPU.ActiveCfg = Release|Any CPU
		{8BF8E39C-0D98-41DC-A7D8-606CCDAE6D7E}.Release|Any CPU.Build.0 = Release|Any CPU
	EndGlobalSection
EndGlobal
